// !$*UTF8*$!
{
	archiveVersion = 1;
	classes = {
	};
	objectVersion = 48;
	objects = {

/* Begin PBXBuildFile section */
		3AF4B6DB52EC26846F874C4B /* libPods-FileManagerUITests.a in Frameworks */ = {isa = PBXBuildFile; fileRef = E9D3EB90AC27751C9D652023 /* libPods-FileManagerUITests.a */; };
		61065B4EC0FF574E65505415 /* libPods-FileManager.a in Frameworks */ = {isa = PBXBuildFile; fileRef = B60679656696041F74828025 /* libPods-FileManager.a */; };
		9BA34F838AFEB91205DEEF07 /* libPods-FileManagerTests.a in Frameworks */ = {isa = PBXBuildFile; fileRef = F637063E97123356615EF886 /* libPods-FileManagerTests.a */; };
		E723FD86201A2CCF00F0F4CE /* MainViewController.m in Sources */ = {isa = PBXBuildFile; fileRef = E723FD85201A2CCF00F0F4CE /* MainViewController.m */; };
		E723FD8A201A2E1300F0F4CE /* FileTool.m in Sources */ = {isa = PBXBuildFile; fileRef = E723FD89201A2E1300F0F4CE /* FileTool.m */; };
		E723FD96201A337600F0F4CE /* UIColor+extend.m in Sources */ = {isa = PBXBuildFile; fileRef = E723FD95201A337600F0F4CE /* UIColor+extend.m */; };
		E74D974720275A22006297AF /* ImageIndexViewController.m in Sources */ = {isa = PBXBuildFile; fileRef = E74D974620275A22006297AF /* ImageIndexViewController.m */; };
		E7543E362018E2100014400A /* AppDelegate.m in Sources */ = {isa = PBXBuildFile; fileRef = E7543E352018E2100014400A /* AppDelegate.m */; };
		E7543E3E2018E2100014400A /* Assets.xcassets in Resources */ = {isa = PBXBuildFile; fileRef = E7543E3D2018E2100014400A /* Assets.xcassets */; };
		E7543E412018E2100014400A /* LaunchScreen.storyboard in Resources */ = {isa = PBXBuildFile; fileRef = E7543E3F2018E2100014400A /* LaunchScreen.storyboard */; };
		E7543E442018E2100014400A /* main.m in Sources */ = {isa = PBXBuildFile; fileRef = E7543E432018E2100014400A /* main.m */; };
		E7543E4E2018E2100014400A /* FileManagerTests.m in Sources */ = {isa = PBXBuildFile; fileRef = E7543E4D2018E2100014400A /* FileManagerTests.m */; };
		E7543E592018E2100014400A /* FileManagerUITests.m in Sources */ = {isa = PBXBuildFile; fileRef = E7543E582018E2100014400A /* FileManagerUITests.m */; };
		E796BD39201B623800ADB190 /* FileBaseCell.m in Sources */ = {isa = PBXBuildFile; fileRef = E796BD38201B623800ADB190 /* FileBaseCell.m */; };
		E79D41452028A49200FD6C80 /* AudioViewController.m in Sources */ = {isa = PBXBuildFile; fileRef = E79D41442028A49200FD6C80 /* AudioViewController.m */; };
/* End PBXBuildFile section */

/* Begin PBXContainerItemProxy section */
		E7543E4A2018E2100014400A /* PBXContainerItemProxy */ = {
			isa = PBXContainerItemProxy;
			containerPortal = E7543E292018E2100014400A /* Project object */;
			proxyType = 1;
			remoteGlobalIDString = E7543E302018E2100014400A;
			remoteInfo = FileManager;
		};
		E7543E552018E2100014400A /* PBXContainerItemProxy */ = {
			isa = PBXContainerItemProxy;
			containerPortal = E7543E292018E2100014400A /* Project object */;
			proxyType = 1;
			remoteGlobalIDString = E7543E302018E2100014400A;
			remoteInfo = FileManager;
		};
/* End PBXContainerItemProxy section */

/* Begin PBXFileReference section */
		1BA6E719D39F61282432F5F8 /* Pods-FileManagerTests.debug.xcconfig */ = {isa = PBXFileReference; includeInIndex = 1; lastKnownFileType = text.xcconfig; name = "Pods-FileManagerTests.debug.xcconfig"; path = "Pods/Target Support Files/Pods-FileManagerTests/Pods-FileManagerTests.debug.xcconfig"; sourceTree = "<group>"; };
		44C500B0437B08E17A71E433 /* Pods-FileManager.release.xcconfig */ = {isa = PBXFileReference; includeInIndex = 1; lastKnownFileType = text.xcconfig; name = "Pods-FileManager.release.xcconfig"; path = "Pods/Target Support Files/Pods-FileManager/Pods-FileManager.release.xcconfig"; sourceTree = "<group>"; };
		6AC72AD28D847C7E7A5DE7C9 /* Pods-FileManager.debug.xcconfig */ = {isa = PBXFileReference; includeInIndex = 1; lastKnownFileType = text.xcconfig; name = "Pods-FileManager.debug.xcconfig"; path = "Pods/Target Support Files/Pods-FileManager/Pods-FileManager.debug.xcconfig"; sourceTree = "<group>"; };
		9BE03FCAEB2F007DB9B03880 /* Pods-FileManagerTests.release.xcconfig */ = {isa = PBXFileReference; includeInIndex = 1; lastKnownFileType = text.xcconfig; name = "Pods-FileManagerTests.release.xcconfig"; path = "Pods/Target Support Files/Pods-FileManagerTests/Pods-FileManagerTests.release.xcconfig"; sourceTree = "<group>"; };
		B60679656696041F74828025 /* libPods-FileManager.a */ = {isa = PBXFileReference; explicitFileType = archive.ar; includeInIndex = 0; path = "libPods-FileManager.a"; sourceTree = BUILT_PRODUCTS_DIR; };
		CEBC5A126761BF6C843E3566 /* Pods-FileManagerUITests.debug.xcconfig */ = {isa = PBXFileReference; includeInIndex = 1; lastKnownFileType = text.xcconfig; name = "Pods-FileManagerUITests.debug.xcconfig"; path = "Pods/Target Support Files/Pods-FileManagerUITests/Pods-FileManagerUITests.debug.xcconfig"; sourceTree = "<group>"; };
		D8257E50C9EC44C2863A62BE /* Pods-FileManagerUITests.release.xcconfig */ = {isa = PBXFileReference; includeInIndex = 1; lastKnownFileType = text.xcconfig; name = "Pods-FileManagerUITests.release.xcconfig"; path = "Pods/Target Support Files/Pods-FileManagerUITests/Pods-FileManagerUITests.release.xcconfig"; sourceTree = "<group>"; };
		E723FD84201A2CCF00F0F4CE /* MainViewController.h */ = {isa = PBXFileReference; lastKnownFileType = sourcecode.c.h; path = MainViewController.h; sourceTree = "<group>"; };
		E723FD85201A2CCF00F0F4CE /* MainViewController.m */ = {isa = PBXFileReference; lastKnownFileType = sourcecode.c.objc; path = MainViewController.m; sourceTree = "<group>"; };
		E723FD88201A2E1300F0F4CE /* FileTool.h */ = {isa = PBXFileReference; lastKnownFileType = sourcecode.c.h; path = FileTool.h; sourceTree = "<group>"; };
		E723FD89201A2E1300F0F4CE /* FileTool.m */ = {isa = PBXFileReference; lastKnownFileType = sourcecode.c.objc; path = FileTool.m; sourceTree = "<group>"; };
		E723FD8E201A304500F0F4CE /* PrefixHeader.pch */ = {isa = PBXFileReference; lastKnownFileType = sourcecode.c.h; path = PrefixHeader.pch; sourceTree = "<group>"; };
		E723FD94201A337600F0F4CE /* UIColor+extend.h */ = {isa = PBXFileReference; fileEncoding = 4; lastKnownFileType = sourcecode.c.h; path = "UIColor+extend.h"; sourceTree = "<group>"; };
		E723FD95201A337600F0F4CE /* UIColor+extend.m */ = {isa = PBXFileReference; fileEncoding = 4; lastKnownFileType = sourcecode.c.objc; path = "UIColor+extend.m"; sourceTree = "<group>"; };
		E74D974520275A22006297AF /* ImageIndexViewController.h */ = {isa = PBXFileReference; lastKnownFileType = sourcecode.c.h; path = ImageIndexViewController.h; sourceTree = "<group>"; };
		E74D974620275A22006297AF /* ImageIndexViewController.m */ = {isa = PBXFileReference; lastKnownFileType = sourcecode.c.objc; path = ImageIndexViewController.m; sourceTree = "<group>"; };
		E7543E312018E2100014400A /* FileManager.app */ = {isa = PBXFileReference; explicitFileType = wrapper.application; includeInIndex = 0; path = FileManager.app; sourceTree = BUILT_PRODUCTS_DIR; };
		E7543E342018E2100014400A /* AppDelegate.h */ = {isa = PBXFileReference; lastKnownFileType = sourcecode.c.h; path = AppDelegate.h; sourceTree = "<group>"; };
		E7543E352018E2100014400A /* AppDelegate.m */ = {isa = PBXFileReference; lastKnownFileType = sourcecode.c.objc; path = AppDelegate.m; sourceTree = "<group>"; };
		E7543E3D2018E2100014400A /* Assets.xcassets */ = {isa = PBXFileReference; lastKnownFileType = folder.assetcatalog; path = Assets.xcassets; sourceTree = "<group>"; };
		E7543E402018E2100014400A /* Base */ = {isa = PBXFileReference; lastKnownFileType = file.storyboard; name = Base; path = Base.lproj/LaunchScreen.storyboard; sourceTree = "<group>"; };
		E7543E422018E2100014400A /* Info.plist */ = {isa = PBXFileReference; lastKnownFileType = text.plist.xml; path = Info.plist; sourceTree = "<group>"; };
		E7543E432018E2100014400A /* main.m */ = {isa = PBXFileReference; lastKnownFileType = sourcecode.c.objc; path = main.m; sourceTree = "<group>"; };
		E7543E492018E2100014400A /* FileManagerTests.xctest */ = {isa = PBXFileReference; explicitFileType = wrapper.cfbundle; includeInIndex = 0; path = FileManagerTests.xctest; sourceTree = BUILT_PRODUCTS_DIR; };
		E7543E4D2018E2100014400A /* FileManagerTests.m */ = {isa = PBXFileReference; lastKnownFileType = sourcecode.c.objc; path = FileManagerTests.m; sourceTree = "<group>"; };
		E7543E4F2018E2100014400A /* Info.plist */ = {isa = PBXFileReference; lastKnownFileType = text.plist.xml; path = Info.plist; sourceTree = "<group>"; };
		E7543E542018E2100014400A /* FileManagerUITests.xctest */ = {isa = PBXFileReference; explicitFileType = wrapper.cfbundle; includeInIndex = 0; path = FileManagerUITests.xctest; sourceTree = BUILT_PRODUCTS_DIR; };
		E7543E582018E2100014400A /* FileManagerUITests.m */ = {isa = PBXFileReference; lastKnownFileType = sourcecode.c.objc; path = FileManagerUITests.m; sourceTree = "<group>"; };
		E7543E5A2018E2100014400A /* Info.plist */ = {isa = PBXFileReference; lastKnownFileType = text.plist.xml; path = Info.plist; sourceTree = "<group>"; };
		E796BD37201B623800ADB190 /* FileBaseCell.h */ = {isa = PBXFileReference; lastKnownFileType = sourcecode.c.h; path = FileBaseCell.h; sourceTree = "<group>"; };
		E796BD38201B623800ADB190 /* FileBaseCell.m */ = {isa = PBXFileReference; lastKnownFileType = sourcecode.c.objc; path = FileBaseCell.m; sourceTree = "<group>"; };
		E79D41432028A49200FD6C80 /* AudioViewController.h */ = {isa = PBXFileReference; lastKnownFileType = sourcecode.c.h; path = AudioViewController.h; sourceTree = "<group>"; };
		E79D41442028A49200FD6C80 /* AudioViewController.m */ = {isa = PBXFileReference; lastKnownFileType = sourcecode.c.objc; path = AudioViewController.m; sourceTree = "<group>"; };
		E9D3EB90AC27751C9D652023 /* libPods-FileManagerUITests.a */ = {isa = PBXFileReference; explicitFileType = archive.ar; includeInIndex = 0; path = "libPods-FileManagerUITests.a"; sourceTree = BUILT_PRODUCTS_DIR; };
		F637063E97123356615EF886 /* libPods-FileManagerTests.a */ = {isa = PBXFileReference; explicitFileType = archive.ar; includeInIndex = 0; path = "libPods-FileManagerTests.a"; sourceTree = BUILT_PRODUCTS_DIR; };
/* End PBXFileReference section */

/* Begin PBXFrameworksBuildPhase section */
		E7543E2E2018E2100014400A /* Frameworks */ = {
			isa = PBXFrameworksBuildPhase;
			buildActionMask = 2147483647;
			files = (
				61065B4EC0FF574E65505415 /* libPods-FileManager.a in Frameworks */,
			);
			runOnlyForDeploymentPostprocessing = 0;
		};
		E7543E462018E2100014400A /* Frameworks */ = {
			isa = PBXFrameworksBuildPhase;
			buildActionMask = 2147483647;
			files = (
				9BA34F838AFEB91205DEEF07 /* libPods-FileManagerTests.a in Frameworks */,
			);
			runOnlyForDeploymentPostprocessing = 0;
		};
		E7543E512018E2100014400A /* Frameworks */ = {
			isa = PBXFrameworksBuildPhase;
			buildActionMask = 2147483647;
			files = (
				3AF4B6DB52EC26846F874C4B /* libPods-FileManagerUITests.a in Frameworks */,
			);
			runOnlyForDeploymentPostprocessing = 0;
		};
/* End PBXFrameworksBuildPhase section */

/* Begin PBXGroup section */
		95D38A4CF779A3169CD0E17E /* Frameworks */ = {
			isa = PBXGroup;
			children = (
				B60679656696041F74828025 /* libPods-FileManager.a */,
				F637063E97123356615EF886 /* libPods-FileManagerTests.a */,
				E9D3EB90AC27751C9D652023 /* libPods-FileManagerUITests.a */,
			);
			name = Frameworks;
			sourceTree = "<group>";
		};
		99F32A55B1E5E14A11969787 /* Pods */ = {
			isa = PBXGroup;
			children = (
				6AC72AD28D847C7E7A5DE7C9 /* Pods-FileManager.debug.xcconfig */,
				44C500B0437B08E17A71E433 /* Pods-FileManager.release.xcconfig */,
				1BA6E719D39F61282432F5F8 /* Pods-FileManagerTests.debug.xcconfig */,
				9BE03FCAEB2F007DB9B03880 /* Pods-FileManagerTests.release.xcconfig */,
				CEBC5A126761BF6C843E3566 /* Pods-FileManagerUITests.debug.xcconfig */,
				D8257E50C9EC44C2863A62BE /* Pods-FileManagerUITests.release.xcconfig */,
			);
			name = Pods;
			sourceTree = "<group>";
		};
		E723FD87201A2DEF00F0F4CE /* supportTool */ = {
			isa = PBXGroup;
			children = (
				E723FD88201A2E1300F0F4CE /* FileTool.h */,
				E723FD89201A2E1300F0F4CE /* FileTool.m */,
				E723FD94201A337600F0F4CE /* UIColor+extend.h */,
				E723FD95201A337600F0F4CE /* UIColor+extend.m */,
			);
			path = supportTool;
			sourceTree = "<group>";
		};
		E74D9744202759B2006297AF /* LookUpVC */ = {
			isa = PBXGroup;
			children = (
				E74D974520275A22006297AF /* ImageIndexViewController.h */,
				E74D974620275A22006297AF /* ImageIndexViewController.m */,
				E79D41432028A49200FD6C80 /* AudioViewController.h */,
				E79D41442028A49200FD6C80 /* AudioViewController.m */,
			);
			path = LookUpVC;
			sourceTree = "<group>";
		};
		E7543E282018E2100014400A = {
			isa = PBXGroup;
			children = (
				E723FD8E201A304500F0F4CE /* PrefixHeader.pch */,
				E7543E332018E2100014400A /* FileManager */,
				E7543E4C2018E2100014400A /* FileManagerTests */,
				E7543E572018E2100014400A /* FileManagerUITests */,
				E7543E322018E2100014400A /* Products */,
				99F32A55B1E5E14A11969787 /* Pods */,
				95D38A4CF779A3169CD0E17E /* Frameworks */,
			);
			sourceTree = "<group>";
		};
		E7543E322018E2100014400A /* Products */ = {
			isa = PBXGroup;
			children = (
				E7543E312018E2100014400A /* FileManager.app */,
				E7543E492018E2100014400A /* FileManagerTests.xctest */,
				E7543E542018E2100014400A /* FileManagerUITests.xctest */,
			);
			name = Products;
			sourceTree = "<group>";
		};
		E7543E332018E2100014400A /* FileManager */ = {
			isa = PBXGroup;
			children = (
				E796BD36201B5E8300ADB190 /* FileCells */,
				E74D9744202759B2006297AF /* LookUpVC */,
				E723FD87201A2DEF00F0F4CE /* supportTool */,
				E7543E342018E2100014400A /* AppDelegate.h */,
				E7543E352018E2100014400A /* AppDelegate.m */,
				E723FD84201A2CCF00F0F4CE /* MainViewController.h */,
				E723FD85201A2CCF00F0F4CE /* MainViewController.m */,
				E7543E3D2018E2100014400A /* Assets.xcassets */,
				E7543E3F2018E2100014400A /* LaunchScreen.storyboard */,
				E7543E422018E2100014400A /* Info.plist */,
				E7543E432018E2100014400A /* main.m */,
			);
			path = FileManager;
			sourceTree = "<group>";
		};
		E7543E4C2018E2100014400A /* FileManagerTests */ = {
			isa = PBXGroup;
			children = (
				E7543E4D2018E2100014400A /* FileManagerTests.m */,
				E7543E4F2018E2100014400A /* Info.plist */,
			);
			path = FileManagerTests;
			sourceTree = "<group>";
		};
		E7543E572018E2100014400A /* FileManagerUITests */ = {
			isa = PBXGroup;
			children = (
				E7543E582018E2100014400A /* FileManagerUITests.m */,
				E7543E5A2018E2100014400A /* Info.plist */,
			);
			path = FileManagerUITests;
			sourceTree = "<group>";
		};
		E796BD36201B5E8300ADB190 /* FileCells */ = {
			isa = PBXGroup;
			children = (
				E796BD37201B623800ADB190 /* FileBaseCell.h */,
				E796BD38201B623800ADB190 /* FileBaseCell.m */,
			);
			name = FileCells;
			path = FileManager/FileCells;
			sourceTree = SOURCE_ROOT;
		};
/* End PBXGroup section */

/* Begin PBXNativeTarget section */
		E7543E302018E2100014400A /* FileManager */ = {
			isa = PBXNativeTarget;
			buildConfigurationList = E7543E5D2018E2100014400A /* Build configuration list for PBXNativeTarget "FileManager" */;
			buildPhases = (
				73D338E844A854D0697007FA /* [CP] Check Pods Manifest.lock */,
				E7543E2D2018E2100014400A /* Sources */,
				E7543E2E2018E2100014400A /* Frameworks */,
				E7543E2F2018E2100014400A /* Resources */,
				53942D551260928898FCE078 /* [CP] Embed Pods Frameworks */,
				7EF742405F5B388F2B672EE5 /* [CP] Copy Pods Resources */,
			);
			buildRules = (
			);
			dependencies = (
			);
			name = FileManager;
			productName = FileManager;
			productReference = E7543E312018E2100014400A /* FileManager.app */;
			productType = "com.apple.product-type.application";
		};
		E7543E482018E2100014400A /* FileManagerTests */ = {
			isa = PBXNativeTarget;
			buildConfigurationList = E7543E602018E2100014400A /* Build configuration list for PBXNativeTarget "FileManagerTests" */;
			buildPhases = (
				468621A7648F5E412F633BD7 /* [CP] Check Pods Manifest.lock */,
				E7543E452018E2100014400A /* Sources */,
				E7543E462018E2100014400A /* Frameworks */,
				E7543E472018E2100014400A /* Resources */,
				AE8C07FC08710C5EE999B5EB /* [CP] Embed Pods Frameworks */,
				D277782806D438338D75C409 /* [CP] Copy Pods Resources */,
			);
			buildRules = (
			);
			dependencies = (
				E7543E4B2018E2100014400A /* PBXTargetDependency */,
			);
			name = FileManagerTests;
			productName = FileManagerTests;
			productReference = E7543E492018E2100014400A /* FileManagerTests.xctest */;
			productType = "com.apple.product-type.bundle.unit-test";
		};
		E7543E532018E2100014400A /* FileManagerUITests */ = {
			isa = PBXNativeTarget;
			buildConfigurationList = E7543E632018E2100014400A /* Build configuration list for PBXNativeTarget "FileManagerUITests" */;
			buildPhases = (
				3050DFECAD001E8867DD5441 /* [CP] Check Pods Manifest.lock */,
				E7543E502018E2100014400A /* Sources */,
				E7543E512018E2100014400A /* Frameworks */,
				E7543E522018E2100014400A /* Resources */,
				4A06FECF228B5C40D441A2C8 /* [CP] Embed Pods Frameworks */,
				AC75A3351814A4BD759D6DA2 /* [CP] Copy Pods Resources */,
			);
			buildRules = (
			);
			dependencies = (
				E7543E562018E2100014400A /* PBXTargetDependency */,
			);
			name = FileManagerUITests;
			productName = FileManagerUITests;
			productReference = E7543E542018E2100014400A /* FileManagerUITests.xctest */;
			productType = "com.apple.product-type.bundle.ui-testing";
		};
/* End PBXNativeTarget section */

/* Begin PBXProject section */
		E7543E292018E2100014400A /* Project object */ = {
			isa = PBXProject;
			attributes = {
				LastUpgradeCheck = 0920;
				ORGANIZATIONNAME = Alan;
				TargetAttributes = {
					E7543E302018E2100014400A = {
						CreatedOnToolsVersion = 9.2;
						ProvisioningStyle = Automatic;
					};
					E7543E482018E2100014400A = {
						CreatedOnToolsVersion = 9.2;
						ProvisioningStyle = Automatic;
						TestTargetID = E7543E302018E2100014400A;
					};
					E7543E532018E2100014400A = {
						CreatedOnToolsVersion = 9.2;
						ProvisioningStyle = Automatic;
						TestTargetID = E7543E302018E2100014400A;
					};
				};
			};
			buildConfigurationList = E7543E2C2018E2100014400A /* Build configuration list for PBXProject "FileManager" */;
			compatibilityVersion = "Xcode 8.0";
			developmentRegion = en;
			hasScannedForEncodings = 0;
			knownRegions = (
				en,
				Base,
			);
			mainGroup = E7543E282018E2100014400A;
			productRefGroup = E7543E322018E2100014400A /* Products */;
			projectDirPath = "";
			projectRoot = "";
			targets = (
				E7543E302018E2100014400A /* FileManager */,
				E7543E482018E2100014400A /* FileManagerTests */,
				E7543E532018E2100014400A /* FileManagerUITests */,
			);
		};
/* End PBXProject section */

/* Begin PBXResourcesBuildPhase section */
		E7543E2F2018E2100014400A /* Resources */ = {
			isa = PBXResourcesBuildPhase;
			buildActionMask = 2147483647;
			files = (
				E7543E412018E2100014400A /* LaunchScreen.storyboard in Resources */,
				E7543E3E2018E2100014400A /* Assets.xcassets in Resources */,
			);
			runOnlyForDeploymentPostprocessing = 0;
		};
		E7543E472018E2100014400A /* Resources */ = {
			isa = PBXResourcesBuildPhase;
			buildActionMask = 2147483647;
			files = (
			);
			runOnlyForDeploymentPostprocessing = 0;
		};
		E7543E522018E2100014400A /* Resources */ = {
			isa = PBXResourcesBuildPhase;
			buildActionMask = 2147483647;
			files = (
			);
			runOnlyForDeploymentPostprocessing = 0;
		};
/* End PBXResourcesBuildPhase section */

/* Begin PBXShellScriptBuildPhase section */
		3050DFECAD001E8867DD5441 /* [CP] Check Pods Manifest.lock */ = {
			isa = PBXShellScriptBuildPhase;
			buildActionMask = 2147483647;
			files = (
			);
			inputPaths = (
			);
			name = "[CP] Check Pods Manifest.lock";
			outputPaths = (
			);
			runOnlyForDeploymentPostprocessing = 0;
			shellPath = /bin/sh;
			shellScript = "diff \"${PODS_ROOT}/../Podfile.lock\" \"${PODS_ROOT}/Manifest.lock\" > /dev/null\nif [ $? != 0 ] ; then\n    # print error to STDERR\n    echo \"error: The sandbox is not in sync with the Podfile.lock. Run 'pod install' or update your CocoaPods installation.\" >&2\n    exit 1\nfi\n";
			showEnvVarsInLog = 0;
		};
		468621A7648F5E412F633BD7 /* [CP] Check Pods Manifest.lock */ = {
			isa = PBXShellScriptBuildPhase;
			buildActionMask = 2147483647;
			files = (
			);
			inputPaths = (
			);
			name = "[CP] Check Pods Manifest.lock";
			outputPaths = (
			);
			runOnlyForDeploymentPostprocessing = 0;
			shellPath = /bin/sh;
			shellScript = "diff \"${PODS_ROOT}/../Podfile.lock\" \"${PODS_ROOT}/Manifest.lock\" > /dev/null\nif [ $? != 0 ] ; then\n    # print error to STDERR\n    echo \"error: The sandbox is not in sync with the Podfile.lock. Run 'pod install' or update your CocoaPods installation.\" >&2\n    exit 1\nfi\n";
			showEnvVarsInLog = 0;
		};
		4A06FECF228B5C40D441A2C8 /* [CP] Embed Pods Frameworks */ = {
			isa = PBXShellScriptBuildPhase;
			buildActionMask = 2147483647;
			files = (
			);
			inputPaths = (
			);
			name = "[CP] Embed Pods Frameworks";
			outputPaths = (
			);
			runOnlyForDeploymentPostprocessing = 0;
			shellPath = /bin/sh;
			shellScript = "\"${SRCROOT}/Pods/Target Support Files/Pods-FileManagerUITests/Pods-FileManagerUITests-frameworks.sh\"\n";
			showEnvVarsInLog = 0;
		};
		53942D551260928898FCE078 /* [CP] Embed Pods Frameworks */ = {
			isa = PBXShellScriptBuildPhase;
			buildActionMask = 2147483647;
			files = (
			);
			inputPaths = (
			);
			name = "[CP] Embed Pods Frameworks";
			outputPaths = (
			);
			runOnlyForDeploymentPostprocessing = 0;
			shellPath = /bin/sh;
			shellScript = "\"${SRCROOT}/Pods/Target Support Files/Pods-FileManager/Pods-FileManager-frameworks.sh\"\n";
			showEnvVarsInLog = 0;
		};
		73D338E844A854D0697007FA /* [CP] Check Pods Manifest.lock */ = {
			isa = PBXShellScriptBuildPhase;
			buildActionMask = 2147483647;
			files = (
			);
			inputPaths = (
			);
			name = "[CP] Check Pods Manifest.lock";
			outputPaths = (
			);
			runOnlyForDeploymentPostprocessing = 0;
			shellPath = /bin/sh;
			shellScript = "diff \"${PODS_ROOT}/../Podfile.lock\" \"${PODS_ROOT}/Manifest.lock\" > /dev/null\nif [ $? != 0 ] ; then\n    # print error to STDERR\n    echo \"error: The sandbox is not in sync with the Podfile.lock. Run 'pod install' or update your CocoaPods installation.\" >&2\n    exit 1\nfi\n";
			showEnvVarsInLog = 0;
		};
		7EF742405F5B388F2B672EE5 /* [CP] Copy Pods Resources */ = {
			isa = PBXShellScriptBuildPhase;
			buildActionMask = 2147483647;
			files = (
			);
			inputPaths = (
			);
			name = "[CP] Copy Pods Resources";
			outputPaths = (
			);
			runOnlyForDeploymentPostprocessing = 0;
			shellPath = /bin/sh;
			shellScript = "\"${SRCROOT}/Pods/Target Support Files/Pods-FileManager/Pods-FileManager-resources.sh\"\n";
			showEnvVarsInLog = 0;
		};
		AC75A3351814A4BD759D6DA2 /* [CP] Copy Pods Resources */ = {
			isa = PBXShellScriptBuildPhase;
			buildActionMask = 2147483647;
			files = (
			);
			inputPaths = (
			);
			name = "[CP] Copy Pods Resources";
			outputPaths = (
			);
			runOnlyForDeploymentPostprocessing = 0;
			shellPath = /bin/sh;
			shellScript = "\"${SRCROOT}/Pods/Target Support Files/Pods-FileManagerUITests/Pods-FileManagerUITests-resources.sh\"\n";
			showEnvVarsInLog = 0;
		};
		AE8C07FC08710C5EE999B5EB /* [CP] Embed Pods Frameworks */ = {
			isa = PBXShellScriptBuildPhase;
			buildActionMask = 2147483647;
			files = (
			);
			inputPaths = (
			);
			name = "[CP] Embed Pods Frameworks";
			outputPaths = (
			);
			runOnlyForDeploymentPostprocessing = 0;
			shellPath = /bin/sh;
			shellScript = "\"${SRCROOT}/Pods/Target Support Files/Pods-FileManagerTests/Pods-FileManagerTests-frameworks.sh\"\n";
			showEnvVarsInLog = 0;
		};
		D277782806D438338D75C409 /* [CP] Copy Pods Resources */ = {
			isa = PBXShellScriptBuildPhase;
			buildActionMask = 2147483647;
			files = (
			);
			inputPaths = (
			);
			name = "[CP] Copy Pods Resources";
			outputPaths = (
			);
			runOnlyForDeploymentPostprocessing = 0;
			shellPath = /bin/sh;
			shellScript = "\"${SRCROOT}/Pods/Target Support Files/Pods-FileManagerTests/Pods-FileManagerTests-resources.sh\"\n";
			showEnvVarsInLog = 0;
		};
/* End PBXShellScriptBuildPhase section */

/* Begin PBXSourcesBuildPhase section */
		E7543E2D2018E2100014400A /* Sources */ = {
			isa = PBXSourcesBuildPhase;
			buildActionMask = 2147483647;
			files = (
				E7543E442018E2100014400A /* main.m in Sources */,
				E7543E362018E2100014400A /* AppDelegate.m in Sources */,
				E79D41452028A49200FD6C80 /* AudioViewController.m in Sources */,
				E796BD39201B623800ADB190 /* FileBaseCell.m in Sources */,
				E723FD86201A2CCF00F0F4CE /* MainViewController.m in Sources */,
				E74D974720275A22006297AF /* ImageIndexViewController.m in Sources */,
				E723FD8A201A2E1300F0F4CE /* FileTool.m in Sources */,
				E723FD96201A337600F0F4CE /* UIColor+extend.m in Sources */,
			);
			runOnlyForDeploymentPostprocessing = 0;
		};
		E7543E452018E2100014400A /* Sources */ = {
			isa = PBXSourcesBuildPhase;
			buildActionMask = 2147483647;
			files = (
				E7543E4E2018E2100014400A /* FileManagerTests.m in Sources */,
			);
			runOnlyForDeploymentPostprocessing = 0;
		};
		E7543E502018E2100014400A /* Sources */ = {
			isa = PBXSourcesBuildPhase;
			buildActionMask = 2147483647;
			files = (
				E7543E592018E2100014400A /* FileManagerUITests.m in Sources */,
			);
			runOnlyForDeploymentPostprocessing = 0;
		};
/* End PBXSourcesBuildPhase section */

/* Begin PBXTargetDependency section */
		E7543E4B2018E2100014400A /* PBXTargetDependency */ = {
			isa = PBXTargetDependency;
			target = E7543E302018E2100014400A /* FileManager */;
			targetProxy = E7543E4A2018E2100014400A /* PBXContainerItemProxy */;
		};
		E7543E562018E2100014400A /* PBXTargetDependency */ = {
			isa = PBXTargetDependency;
			target = E7543E302018E2100014400A /* FileManager */;
			targetProxy = E7543E552018E2100014400A /* PBXContainerItemProxy */;
		};
/* End PBXTargetDependency section */

/* Begin PBXVariantGroup section */
		E7543E3F2018E2100014400A /* LaunchScreen.storyboard */ = {
			isa = PBXVariantGroup;
			children = (
				E7543E402018E2100014400A /* Base */,
			);
			name = LaunchScreen.storyboard;
			sourceTree = "<group>";
		};
/* End PBXVariantGroup section */

/* Begin XCBuildConfiguration section */
		E7543E5B2018E2100014400A /* Debug */ = {
			isa = XCBuildConfiguration;
			buildSettings = {
				ALWAYS_SEARCH_USER_PATHS = NO;
				CLANG_ANALYZER_NONNULL = YES;
				CLANG_ANALYZER_NUMBER_OBJECT_CONVERSION = YES_AGGRESSIVE;
				CLANG_CXX_LANGUAGE_STANDARD = "gnu++14";
				CLANG_CXX_LIBRARY = "libc++";
				CLANG_ENABLE_MODULES = YES;
				CLANG_ENABLE_OBJC_ARC = YES;
				CLANG_WARN_BLOCK_CAPTURE_AUTORELEASING = YES;
				CLANG_WARN_BOOL_CONVERSION = YES;
				CLANG_WARN_COMMA = YES;
				CLANG_WARN_CONSTANT_CONVERSION = YES;
				CLANG_WARN_DIRECT_OBJC_ISA_USAGE = YES_ERROR;
				CLANG_WARN_DOCUMENTATION_COMMENTS = YES;
				CLANG_WARN_EMPTY_BODY = YES;
				CLANG_WARN_ENUM_CONVERSION = YES;
				CLANG_WARN_INFINITE_RECURSION = YES;
				CLANG_WARN_INT_CONVERSION = YES;
				CLANG_WARN_NON_LITERAL_NULL_CONVERSION = YES;
				CLANG_WARN_OBJC_LITERAL_CONVERSION = YES;
				CLANG_WARN_OBJC_ROOT_CLASS = YES_ERROR;
				CLANG_WARN_RANGE_LOOP_ANALYSIS = YES;
				CLANG_WARN_STRICT_PROTOTYPES = YES;
				CLANG_WARN_SUSPICIOUS_MOVE = YES;
				CLANG_WARN_UNGUARDED_AVAILABILITY = YES_AGGRESSIVE;
				CLANG_WARN_UNREACHABLE_CODE = YES;
				CLANG_WARN__DUPLICATE_METHOD_MATCH = YES;
				CODE_SIGN_IDENTITY = "iPhone Developer";
				COPY_PHASE_STRIP = NO;
				DEBUG_INFORMATION_FORMAT = dwarf;
				ENABLE_STRICT_OBJC_MSGSEND = YES;
				ENABLE_TESTABILITY = YES;
				GCC_C_LANGUAGE_STANDARD = gnu11;
				GCC_DYNAMIC_NO_PIC = NO;
				GCC_NO_COMMON_BLOCKS = YES;
				GCC_OPTIMIZATION_LEVEL = 0;
				GCC_PREPROCESSOR_DEFINITIONS = (
					"DEBUG=1",
					"$(inherited)",
				);
				GCC_WARN_64_TO_32_BIT_CONVERSION = YES;
				GCC_WARN_ABOUT_RETURN_TYPE = YES_ERROR;
				GCC_WARN_UNDECLARED_SELECTOR = YES;
				GCC_WARN_UNINITIALIZED_AUTOS = YES_AGGRESSIVE;
				GCC_WARN_UNUSED_FUNCTION = YES;
				GCC_WARN_UNUSED_VARIABLE = YES;
				IPHONEOS_DEPLOYMENT_TARGET = 11.2;
				MTL_ENABLE_DEBUG_INFO = YES;
				ONLY_ACTIVE_ARCH = YES;
				SDKROOT = iphoneos;
			};
			name = Debug;
		};
		E7543E5C2018E2100014400A /* Release */ = {
			isa = XCBuildConfiguration;
			buildSettings = {
				ALWAYS_SEARCH_USER_PATHS = NO;
				CLANG_ANALYZER_NONNULL = YES;
				CLANG_ANALYZER_NUMBER_OBJECT_CONVERSION = YES_AGGRESSIVE;
				CLANG_CXX_LANGUAGE_STANDARD = "gnu++14";
				CLANG_CXX_LIBRARY = "libc++";
				CLANG_ENABLE_MODULES = YES;
				CLANG_ENABLE_OBJC_ARC = YES;
				CLANG_WARN_BLOCK_CAPTURE_AUTORELEASING = YES;
				CLANG_WARN_BOOL_CONVERSION = YES;
				CLANG_WARN_COMMA = YES;
				CLANG_WARN_CONSTANT_CONVERSION = YES;
				CLANG_WARN_DIRECT_OBJC_ISA_USAGE = YES_ERROR;
				CLANG_WARN_DOCUMENTATION_COMMENTS = YES;
				CLANG_WARN_EMPTY_BODY = YES;
				CLANG_WARN_ENUM_CONVERSION = YES;
				CLANG_WARN_INFINITE_RECURSION = YES;
				CLANG_WARN_INT_CONVERSION = YES;
				CLANG_WARN_NON_LITERAL_NULL_CONVERSION = YES;
				CLANG_WARN_OBJC_LITERAL_CONVERSION = YES;
				CLANG_WARN_OBJC_ROOT_CLASS = YES_ERROR;
				CLANG_WARN_RANGE_LOOP_ANALYSIS = YES;
				CLANG_WARN_STRICT_PROTOTYPES = YES;
				CLANG_WARN_SUSPICIOUS_MOVE = YES;
				CLANG_WARN_UNGUARDED_AVAILABILITY = YES_AGGRESSIVE;
				CLANG_WARN_UNREACHABLE_CODE = YES;
				CLANG_WARN__DUPLICATE_METHOD_MATCH = YES;
				CODE_SIGN_IDENTITY = "iPhone Developer";
				COPY_PHASE_STRIP = NO;
				DEBUG_INFORMATION_FORMAT = "dwarf-with-dsym";
				ENABLE_NS_ASSERTIONS = NO;
				ENABLE_STRICT_OBJC_MSGSEND = YES;
				GCC_C_LANGUAGE_STANDARD = gnu11;
				GCC_NO_COMMON_BLOCKS = YES;
				GCC_WARN_64_TO_32_BIT_CONVERSION = YES;
				GCC_WARN_ABOUT_RETURN_TYPE = YES_ERROR;
				GCC_WARN_UNDECLARED_SELECTOR = YES;
				GCC_WARN_UNINITIALIZED_AUTOS = YES_AGGRESSIVE;
				GCC_WARN_UNUSED_FUNCTION = YES;
				GCC_WARN_UNUSED_VARIABLE = YES;
				IPHONEOS_DEPLOYMENT_TARGET = 11.2;
				MTL_ENABLE_DEBUG_INFO = NO;
				SDKROOT = iphoneos;
				VALIDATE_PRODUCT = YES;
			};
			name = Release;
		};
		E7543E5E2018E2100014400A /* Debug */ = {
			isa = XCBuildConfiguration;
			baseConfigurationReference = 6AC72AD28D847C7E7A5DE7C9 /* Pods-FileManager.debug.xcconfig */;
			buildSettings = {
				ASSETCATALOG_COMPILER_APPICON_NAME = AppIcon;
				CODE_SIGN_STYLE = Automatic;
				GCC_PREFIX_HEADER = PrefixHeader.pch;
				INFOPLIST_FILE = FileManager/Info.plist;
				IPHONEOS_DEPLOYMENT_TARGET = 9.0;
				LD_RUNPATH_SEARCH_PATHS = "$(inherited) @executable_path/Frameworks";
				PRODUCT_BUNDLE_IDENTIFIER = "com.baidu.aa--.FileManager";
				PRODUCT_NAME = "$(TARGET_NAME)";
				TARGETED_DEVICE_FAMILY = 1;
			};
			name = Debug;
		};
		E7543E5F2018E2100014400A /* Release */ = {
			isa = XCBuildConfiguration;
			baseConfigurationReference = 44C500B0437B08E17A71E433 /* Pods-FileManager.release.xcconfig */;
			buildSettings = {
				ASSETCATALOG_COMPILER_APPICON_NAME = AppIcon;
				CODE_SIGN_STYLE = Automatic;
				GCC_PREFIX_HEADER = PrefixHeader.pch;
				INFOPLIST_FILE = FileManager/Info.plist;
				IPHONEOS_DEPLOYMENT_TARGET = 9.0;
				LD_RUNPATH_SEARCH_PATHS = "$(inherited) @executable_path/Frameworks";
				PRODUCT_BUNDLE_IDENTIFIER = "com.baidu.aa--.FileManager";
				PRODUCT_NAME = "$(TARGET_NAME)";
				TARGETED_DEVICE_FAMILY = 1;
			};
			name = Release;
		};
		E7543E612018E2100014400A /* Debug */ = {
			isa = XCBuildConfiguration;
			baseConfigurationReference = 1BA6E719D39F61282432F5F8 /* Pods-FileManagerTests.debug.xcconfig */;
			buildSettings = {
				BUNDLE_LOADER = "$(TEST_HOST)";
				CODE_SIGN_STYLE = Automatic;
				INFOPLIST_FILE = FileManagerTests/Info.plist;
				LD_RUNPATH_SEARCH_PATHS = "$(inherited) @executable_path/Frameworks @loader_path/Frameworks";
				PRODUCT_BUNDLE_IDENTIFIER = "com.baidu.aa--.FileManagerTests";
				PRODUCT_NAME = "$(TARGET_NAME)";
				TARGETED_DEVICE_FAMILY = "1,2";
				TEST_HOST = "$(BUILT_PRODUCTS_DIR)/FileManager.app/FileManager";
			};
			name = Debug;
		};
		E7543E622018E2100014400A /* Release */ = {
			isa = XCBuildConfiguration;
			baseConfigurationReference = 9BE03FCAEB2F007DB9B03880 /* Pods-FileManagerTests.release.xcconfig */;
			buildSettings = {
				BUNDLE_LOADER = "$(TEST_HOST)";
				CODE_SIGN_STYLE = Automatic;
				INFOPLIST_FILE = FileManagerTests/Info.plist;
				LD_RUNPATH_SEARCH_PATHS = "$(inherited) @executable_path/Frameworks @loader_path/Frameworks";
				PRODUCT_BUNDLE_IDENTIFIER = "com.baidu.aa--.FileManagerTests";
				PRODUCT_NAME = "$(TARGET_NAME)";
				TARGETED_DEVICE_FAMILY = "1,2";
				TEST_HOST = "$(BUILT_PRODUCTS_DIR)/FileManager.app/FileManager";
			};
			name = Release;
		};
		E7543E642018E2100014400A /* Debug */ = {
			isa = XCBuildConfiguration;
			baseConfigurationReference = CEBC5A126761BF6C843E3566 /* Pods-FileManagerUITests.debug.xcconfig */;
			buildSettings = {
				CODE_SIGN_STYLE = Automatic;
				INFOPLIST_FILE = FileManagerUITests/Info.plist;
				LD_RUNPATH_SEARCH_PATHS = "$(inherited) @executable_path/Frameworks @loader_path/Frameworks";
				PRODUCT_BUNDLE_IDENTIFIER = "com.baidu.aa--.FileManagerUITests";
				PRODUCT_NAME = "$(TARGET_NAME)";
				TARGETED_DEVICE_FAMILY = "1,2";
				TEST_TARGET_NAME = FileManager;
			};
			name = Debug;
		};
		E7543E652018E2100014400A /* Release */ = {
			isa = XCBuildConfiguration;
			baseConfigurationReference = D8257E50C9EC44C2863A62BE /* Pods-FileManagerUITests.release.xcconfig */;
			buildSettings = {
				CODE_SIGN_STYLE = Automatic;
				INFOPLIST_FILE = FileManagerUITests/Info.plist;
				LD_RUNPATH_SEARCH_PATHS = "$(inherited) @executable_path/Frameworks @loader_path/Frameworks";
				PRODUCT_BUNDLE_IDENTIFIER = "com.baidu.aa--.FileManagerUITests";
				PRODUCT_NAME = "$(TARGET_NAME)";
				TARGETED_DEVICE_FAMILY = "1,2";
				TEST_TARGET_NAME = FileManager;
			};
			name = Release;
		};
/* End XCBuildConfiguration section */

/* Begin XCConfigurationList section */
		E7543E2C2018E2100014400A /* Build configuration list for PBXProject "FileManager" */ = {
			isa = XCConfigurationList;
			buildConfigurations = (
				E7543E5B2018E2100014400A /* Debug */,
				E7543E5C2018E2100014400A /* Release */,
			);
			defaultConfigurationIsVisible = 0;
			defaultConfigurationName = Release;
		};
		E7543E5D2018E2100014400A /* Build configuration list for PBXNativeTarget "FileManager" */ = {
			isa = XCConfigurationList;
			buildConfigurations = (
				E7543E5E2018E2100014400A /* Debug */,
				E7543E5F2018E2100014400A /* Release */,
			);
			defaultConfigurationIsVisible = 0;
			defaultConfigurationName = Release;
		};
		E7543E602018E2100014400A /* Build configuration list for PBXNativeTarget "FileManagerTests" */ = {
			isa = XCConfigurationList;
			buildConfigurations = (
				E7543E612018E2100014400A /* Debug */,
				E7543E622018E2100014400A /* Release */,
			);
			defaultConfigurationIsVisible = 0;
			defaultConfigurationName = Release;
		};
		E7543E632018E2100014400A /* Build configuration list for PBXNativeTarget "FileManagerUITests" */ = {
			isa = XCConfigurationList;
			buildConfigurations = (
				E7543E642018E2100014400A /* Debug */,
				E7543E652018E2100014400A /* Release */,
			);
			defaultConfigurationIsVisible = 0;
			defaultConfigurationName = Release;
		};
/* End XCConfigurationList section */
	};
	rootObject = E7543E292018E2100014400A /* Project object */;
}
